// !$*UTF8*$!
{
	archiveVersion = 1;
	classes = {
	};
	objectVersion = 51;
	objects = {

/* Begin PBXBuildFile section */
		2C0842F024C8C5A600FC5838 /* CuisnePopUpViewController.swift in Sources */ = {isa = PBXBuildFile; fileRef = 2C0842EF24C8C5A600FC5838 /* CuisnePopUpViewController.swift */; };
		2C233FC124C4DEB500737E1A /* RecipeTableViewCell.swift in Sources */ = {isa = PBXBuildFile; fileRef = 2C233FBF24C4DEB500737E1A /* RecipeTableViewCell.swift */; };
		2C233FC224C4DEB500737E1A /* RecipeTableViewCell.xib in Resources */ = {isa = PBXBuildFile; fileRef = 2C233FC024C4DEB500737E1A /* RecipeTableViewCell.xib */; };
		2C233FC424C4E45800737E1A /* RecipeTableViewController.swift in Sources */ = {isa = PBXBuildFile; fileRef = 2C233FC324C4E45800737E1A /* RecipeTableViewController.swift */; };
		2C5BCB8124C50240008379EA /* InventoryTableViewController.swift in Sources */ = {isa = PBXBuildFile; fileRef = 2C5BCB8024C50240008379EA /* InventoryTableViewController.swift */; };
		2C5BCB8524C51063008379EA /* WebViewController.swift in Sources */ = {isa = PBXBuildFile; fileRef = 2C5BCB8424C51063008379EA /* WebViewController.swift */; };
		2C5BCB8724C51544008379EA /* WebKit.framework in Frameworks */ = {isa = PBXBuildFile; fileRef = 2C5BCB8624C51544008379EA /* WebKit.framework */; };
		2CB91A8124C388530013941D /* GoogleService-Info.plist in Resources */ = {isa = PBXBuildFile; fileRef = 2CB91A8024C388530013941D /* GoogleService-Info.plist */; };
		2CD3B29E24C86B2200108845 /* AddedInventoryPopUpView.swift in Sources */ = {isa = PBXBuildFile; fileRef = 2CD3B29D24C86B2200108845 /* AddedInventoryPopUpView.swift */; };
		2CD931ED24C1CF0D003281BE /* AppDelegate.swift in Sources */ = {isa = PBXBuildFile; fileRef = 2CD931EC24C1CF0D003281BE /* AppDelegate.swift */; };
		2CD931EF24C1CF0E003281BE /* SceneDelegate.swift in Sources */ = {isa = PBXBuildFile; fileRef = 2CD931EE24C1CF0E003281BE /* SceneDelegate.swift */; };
		2CD931F124C1CF0E003281BE /* ViewController.swift in Sources */ = {isa = PBXBuildFile; fileRef = 2CD931F024C1CF0E003281BE /* ViewController.swift */; };
		2CD931F424C1CF0E003281BE /* Main.storyboard in Resources */ = {isa = PBXBuildFile; fileRef = 2CD931F224C1CF0E003281BE /* Main.storyboard */; };
		2CD931F624C1CF0E003281BE /* Assets.xcassets in Resources */ = {isa = PBXBuildFile; fileRef = 2CD931F524C1CF0E003281BE /* Assets.xcassets */; };
		2CD931F924C1CF0E003281BE /* LaunchScreen.storyboard in Resources */ = {isa = PBXBuildFile; fileRef = 2CD931F724C1CF0E003281BE /* LaunchScreen.storyboard */; };
		2CD9320424C1CF0E003281BE /* UChefTests.swift in Sources */ = {isa = PBXBuildFile; fileRef = 2CD9320324C1CF0E003281BE /* UChefTests.swift */; };
		2CD9320F24C1CF0E003281BE /* UChefUITests.swift in Sources */ = {isa = PBXBuildFile; fileRef = 2CD9320E24C1CF0E003281BE /* UChefUITests.swift */; };
		2CEB97E724CA47D2004397B3 /* AddedIngredientViewController.swift in Sources */ = {isa = PBXBuildFile; fileRef = 2CEB97E624CA47D2004397B3 /* AddedIngredientViewController.swift */; };
		8AD70E02CDCCAB55E4113855 /* Pods_UChef.framework in Frameworks */ = {isa = PBXBuildFile; fileRef = 449923F2141513D45D7B39CC /* Pods_UChef.framework */; };
		B08F8FFCBBB0761B855B8738 /* Pods_UChefTests.framework in Frameworks */ = {isa = PBXBuildFile; fileRef = 12C4C50487538A2BED2227C3 /* Pods_UChefTests.framework */; };
		C89E2C208156A59E2D012803 /* Pods_UChef_UChefUITests.framework in Frameworks */ = {isa = PBXBuildFile; fileRef = 5E9341575CDDAC0910426C70 /* Pods_UChef_UChefUITests.framework */; };
/* End PBXBuildFile section */

/* Begin PBXContainerItemProxy section */
		2CD9320024C1CF0E003281BE /* PBXContainerItemProxy */ = {
			isa = PBXContainerItemProxy;
			containerPortal = 2CD931E124C1CF0D003281BE /* Project object */;
			proxyType = 1;
			remoteGlobalIDString = 2CD931E824C1CF0D003281BE;
			remoteInfo = UChef;
		};
		2CD9320B24C1CF0E003281BE /* PBXContainerItemProxy */ = {
			isa = PBXContainerItemProxy;
			containerPortal = 2CD931E124C1CF0D003281BE /* Project object */;
			proxyType = 1;
			remoteGlobalIDString = 2CD931E824C1CF0D003281BE;
			remoteInfo = UChef;
		};
/* End PBXContainerItemProxy section */

/* Begin PBXFileReference section */
		06783D0C3497E21CFEBB0E40 /* Pods-UChef-UChefUITests.release.xcconfig */ = {isa = PBXFileReference; includeInIndex = 1; lastKnownFileType = text.xcconfig; name = "Pods-UChef-UChefUITests.release.xcconfig"; path = "Target Support Files/Pods-UChef-UChefUITests/Pods-UChef-UChefUITests.release.xcconfig"; sourceTree = "<group>"; };
		086467FBC1E303455CD9FC3D /* Pods-UChef.debug.xcconfig */ = {isa = PBXFileReference; includeInIndex = 1; lastKnownFileType = text.xcconfig; name = "Pods-UChef.debug.xcconfig"; path = "Target Support Files/Pods-UChef/Pods-UChef.debug.xcconfig"; sourceTree = "<group>"; };
		12C4C50487538A2BED2227C3 /* Pods_UChefTests.framework */ = {isa = PBXFileReference; explicitFileType = wrapper.framework; includeInIndex = 0; path = Pods_UChefTests.framework; sourceTree = BUILT_PRODUCTS_DIR; };
		2C0842EF24C8C5A600FC5838 /* CuisnePopUpViewController.swift */ = {isa = PBXFileReference; lastKnownFileType = sourcecode.swift; path = CuisnePopUpViewController.swift; sourceTree = "<group>"; };
		2C233FBF24C4DEB500737E1A /* RecipeTableViewCell.swift */ = {isa = PBXFileReference; lastKnownFileType = sourcecode.swift; path = RecipeTableViewCell.swift; sourceTree = "<group>"; };
		2C233FC024C4DEB500737E1A /* RecipeTableViewCell.xib */ = {isa = PBXFileReference; lastKnownFileType = file.xib; path = RecipeTableViewCell.xib; sourceTree = "<group>"; };
		2C233FC324C4E45800737E1A /* RecipeTableViewController.swift */ = {isa = PBXFileReference; lastKnownFileType = sourcecode.swift; path = RecipeTableViewController.swift; sourceTree = "<group>"; };
		2C5BCB8024C50240008379EA /* InventoryTableViewController.swift */ = {isa = PBXFileReference; lastKnownFileType = sourcecode.swift; path = InventoryTableViewController.swift; sourceTree = "<group>"; };
		2C5BCB8424C51063008379EA /* WebViewController.swift */ = {isa = PBXFileReference; lastKnownFileType = sourcecode.swift; path = WebViewController.swift; sourceTree = "<group>"; };
		2C5BCB8624C51544008379EA /* WebKit.framework */ = {isa = PBXFileReference; lastKnownFileType = wrapper.framework; name = WebKit.framework; path = System/Library/Frameworks/WebKit.framework; sourceTree = SDKROOT; };
		2CB91A8024C388530013941D /* GoogleService-Info.plist */ = {isa = PBXFileReference; fileEncoding = 4; lastKnownFileType = text.plist.xml; path = "GoogleService-Info.plist"; sourceTree = "<group>"; };
		2CD3B29D24C86B2200108845 /* AddedInventoryPopUpView.swift */ = {isa = PBXFileReference; lastKnownFileType = sourcecode.swift; path = AddedInventoryPopUpView.swift; sourceTree = "<group>"; };
		2CD931E924C1CF0D003281BE /* UChef.app */ = {isa = PBXFileReference; explicitFileType = wrapper.application; includeInIndex = 0; path = UChef.app; sourceTree = BUILT_PRODUCTS_DIR; };
		2CD931EC24C1CF0D003281BE /* AppDelegate.swift */ = {isa = PBXFileReference; lastKnownFileType = sourcecode.swift; path = AppDelegate.swift; sourceTree = "<group>"; };
		2CD931EE24C1CF0E003281BE /* SceneDelegate.swift */ = {isa = PBXFileReference; lastKnownFileType = sourcecode.swift; path = SceneDelegate.swift; sourceTree = "<group>"; };
		2CD931F024C1CF0E003281BE /* ViewController.swift */ = {isa = PBXFileReference; lastKnownFileType = sourcecode.swift; path = ViewController.swift; sourceTree = "<group>"; };
		2CD931F324C1CF0E003281BE /* Base */ = {isa = PBXFileReference; lastKnownFileType = file.storyboard; name = Base; path = Base.lproj/Main.storyboard; sourceTree = "<group>"; };
		2CD931F524C1CF0E003281BE /* Assets.xcassets */ = {isa = PBXFileReference; lastKnownFileType = folder.assetcatalog; path = Assets.xcassets; sourceTree = "<group>"; };
		2CD931F824C1CF0E003281BE /* Base */ = {isa = PBXFileReference; lastKnownFileType = file.storyboard; name = Base; path = Base.lproj/LaunchScreen.storyboard; sourceTree = "<group>"; };
		2CD931FA24C1CF0E003281BE /* Info.plist */ = {isa = PBXFileReference; lastKnownFileType = text.plist.xml; path = Info.plist; sourceTree = "<group>"; };
		2CD931FF24C1CF0E003281BE /* UChefTests.xctest */ = {isa = PBXFileReference; explicitFileType = wrapper.cfbundle; includeInIndex = 0; path = UChefTests.xctest; sourceTree = BUILT_PRODUCTS_DIR; };
		2CD9320324C1CF0E003281BE /* UChefTests.swift */ = {isa = PBXFileReference; lastKnownFileType = sourcecode.swift; path = UChefTests.swift; sourceTree = "<group>"; };
		2CD9320524C1CF0E003281BE /* Info.plist */ = {isa = PBXFileReference; lastKnownFileType = text.plist.xml; path = Info.plist; sourceTree = "<group>"; };
		2CD9320A24C1CF0E003281BE /* UChefUITests.xctest */ = {isa = PBXFileReference; explicitFileType = wrapper.cfbundle; includeInIndex = 0; path = UChefUITests.xctest; sourceTree = BUILT_PRODUCTS_DIR; };
		2CD9320E24C1CF0E003281BE /* UChefUITests.swift */ = {isa = PBXFileReference; lastKnownFileType = sourcecode.swift; path = UChefUITests.swift; sourceTree = "<group>"; };
		2CD9321024C1CF0F003281BE /* Info.plist */ = {isa = PBXFileReference; lastKnownFileType = text.plist.xml; path = Info.plist; sourceTree = "<group>"; };
		2CEB97E624CA47D2004397B3 /* AddedIngredientViewController.swift */ = {isa = PBXFileReference; lastKnownFileType = sourcecode.swift; path = AddedIngredientViewController.swift; sourceTree = "<group>"; };
		449923F2141513D45D7B39CC /* Pods_UChef.framework */ = {isa = PBXFileReference; explicitFileType = wrapper.framework; includeInIndex = 0; path = Pods_UChef.framework; sourceTree = BUILT_PRODUCTS_DIR; };
		46CBCB5F28FC9F93DC743777 /* Pods-UChefTests.release.xcconfig */ = {isa = PBXFileReference; includeInIndex = 1; lastKnownFileType = text.xcconfig; name = "Pods-UChefTests.release.xcconfig"; path = "Target Support Files/Pods-UChefTests/Pods-UChefTests.release.xcconfig"; sourceTree = "<group>"; };
		5E9341575CDDAC0910426C70 /* Pods_UChef_UChefUITests.framework */ = {isa = PBXFileReference; explicitFileType = wrapper.framework; includeInIndex = 0; path = Pods_UChef_UChefUITests.framework; sourceTree = BUILT_PRODUCTS_DIR; };
		A110458F24FECA5590C88C25 /* Pods-UChef-UChefUITests.debug.xcconfig */ = {isa = PBXFileReference; includeInIndex = 1; lastKnownFileType = text.xcconfig; name = "Pods-UChef-UChefUITests.debug.xcconfig"; path = "Target Support Files/Pods-UChef-UChefUITests/Pods-UChef-UChefUITests.debug.xcconfig"; sourceTree = "<group>"; };
		B34E2E1D0BCEBEF0ADE0B98A /* Pods-UChefTests.debug.xcconfig */ = {isa = PBXFileReference; includeInIndex = 1; lastKnownFileType = text.xcconfig; name = "Pods-UChefTests.debug.xcconfig"; path = "Target Support Files/Pods-UChefTests/Pods-UChefTests.debug.xcconfig"; sourceTree = "<group>"; };
		E903044CB96147A3312A9720 /* Pods-UChef.release.xcconfig */ = {isa = PBXFileReference; includeInIndex = 1; lastKnownFileType = text.xcconfig; name = "Pods-UChef.release.xcconfig"; path = "Target Support Files/Pods-UChef/Pods-UChef.release.xcconfig"; sourceTree = "<group>"; };
/* End PBXFileReference section */

/* Begin PBXFrameworksBuildPhase section */
		2CD931E624C1CF0D003281BE /* Frameworks */ = {
			isa = PBXFrameworksBuildPhase;
			buildActionMask = 2147483647;
			files = (
				2C5BCB8724C51544008379EA /* WebKit.framework in Frameworks */,
				8AD70E02CDCCAB55E4113855 /* Pods_UChef.framework in Frameworks */,
			);
			runOnlyForDeploymentPostprocessing = 0;
		};
		2CD931FC24C1CF0E003281BE /* Frameworks */ = {
			isa = PBXFrameworksBuildPhase;
			buildActionMask = 2147483647;
			files = (
				B08F8FFCBBB0761B855B8738 /* Pods_UChefTests.framework in Frameworks */,
			);
			runOnlyForDeploymentPostprocessing = 0;
		};
		2CD9320724C1CF0E003281BE /* Frameworks */ = {
			isa = PBXFrameworksBuildPhase;
			buildActionMask = 2147483647;
			files = (
				C89E2C208156A59E2D012803 /* Pods_UChef_UChefUITests.framework in Frameworks */,
			);
			runOnlyForDeploymentPostprocessing = 0;
		};
/* End PBXFrameworksBuildPhase section */

/* Begin PBXGroup section */
		2CD931E024C1CF0D003281BE = {
			isa = PBXGroup;
			children = (
				2CD931EB24C1CF0D003281BE /* UChef */,
				2CD9320224C1CF0E003281BE /* UChefTests */,
				2CD9320D24C1CF0E003281BE /* UChefUITests */,
				2CD931EA24C1CF0D003281BE /* Products */,
				A77CDEDE033A2ABD14685159 /* Pods */,
				31A20C8ADD4F8DD1FC7E646A /* Frameworks */,
			);
			sourceTree = "<group>";
		};
		2CD931EA24C1CF0D003281BE /* Products */ = {
			isa = PBXGroup;
			children = (
				2CD931E924C1CF0D003281BE /* UChef.app */,
				2CD931FF24C1CF0E003281BE /* UChefTests.xctest */,
				2CD9320A24C1CF0E003281BE /* UChefUITests.xctest */,
			);
			name = Products;
			sourceTree = "<group>";
		};
		2CD931EB24C1CF0D003281BE /* UChef */ = {
			isa = PBXGroup;
			children = (
				2CD931EC24C1CF0D003281BE /* AppDelegate.swift */,
				2CD931EE24C1CF0E003281BE /* SceneDelegate.swift */,
				2CD931F024C1CF0E003281BE /* ViewController.swift */,
				2CD931F224C1CF0E003281BE /* Main.storyboard */,
				2C0842EF24C8C5A600FC5838 /* CuisnePopUpViewController.swift */,
				2CEB97E624CA47D2004397B3 /* AddedIngredientViewController.swift */,
				2C5BCB8424C51063008379EA /* WebViewController.swift */,
				2C5BCB8024C50240008379EA /* InventoryTableViewController.swift */,
				2CD3B29D24C86B2200108845 /* AddedInventoryPopUpView.swift */,
				2C233FC324C4E45800737E1A /* RecipeTableViewController.swift */,
				2C233FBF24C4DEB500737E1A /* RecipeTableViewCell.swift */,
				2C233FC024C4DEB500737E1A /* RecipeTableViewCell.xib */,
				2CD931F524C1CF0E003281BE /* Assets.xcassets */,
				2CD931F724C1CF0E003281BE /* LaunchScreen.storyboard */,
				2CD931FA24C1CF0E003281BE /* Info.plist */,
				2CB91A8024C388530013941D /* GoogleService-Info.plist */,
			);
			path = UChef;
			sourceTree = "<group>";
		};
		2CD9320224C1CF0E003281BE /* UChefTests */ = {
			isa = PBXGroup;
			children = (
				2CD9320324C1CF0E003281BE /* UChefTests.swift */,
				2CD9320524C1CF0E003281BE /* Info.plist */,
			);
			path = UChefTests;
			sourceTree = "<group>";
		};
		2CD9320D24C1CF0E003281BE /* UChefUITests */ = {
			isa = PBXGroup;
			children = (
				2CD9320E24C1CF0E003281BE /* UChefUITests.swift */,
				2CD9321024C1CF0F003281BE /* Info.plist */,
			);
			path = UChefUITests;
			sourceTree = "<group>";
		};
		31A20C8ADD4F8DD1FC7E646A /* Frameworks */ = {
			isa = PBXGroup;
			children = (
				2C5BCB8624C51544008379EA /* WebKit.framework */,
				449923F2141513D45D7B39CC /* Pods_UChef.framework */,
				5E9341575CDDAC0910426C70 /* Pods_UChef_UChefUITests.framework */,
				12C4C50487538A2BED2227C3 /* Pods_UChefTests.framework */,
			);
			name = Frameworks;
			sourceTree = "<group>";
		};
		A77CDEDE033A2ABD14685159 /* Pods */ = {
			isa = PBXGroup;
			children = (
				086467FBC1E303455CD9FC3D /* Pods-UChef.debug.xcconfig */,
				E903044CB96147A3312A9720 /* Pods-UChef.release.xcconfig */,
				A110458F24FECA5590C88C25 /* Pods-UChef-UChefUITests.debug.xcconfig */,
				06783D0C3497E21CFEBB0E40 /* Pods-UChef-UChefUITests.release.xcconfig */,
				B34E2E1D0BCEBEF0ADE0B98A /* Pods-UChefTests.debug.xcconfig */,
				46CBCB5F28FC9F93DC743777 /* Pods-UChefTests.release.xcconfig */,
			);
			path = Pods;
			sourceTree = "<group>";
		};
/* End PBXGroup section */

/* Begin PBXNativeTarget section */
		2CD931E824C1CF0D003281BE /* UChef */ = {
			isa = PBXNativeTarget;
			buildConfigurationList = 2CD9321324C1CF0F003281BE /* Build configuration list for PBXNativeTarget "UChef" */;
			buildPhases = (
				13AACF5D0CE3BD996F6CDE17 /* [CP] Check Pods Manifest.lock */,
				2CD931E524C1CF0D003281BE /* Sources */,
				2CD931E624C1CF0D003281BE /* Frameworks */,
				2CD931E724C1CF0D003281BE /* Resources */,
				06AB395047D78D23C207F445 /* [CP] Embed Pods Frameworks */,
			);
			buildRules = (
			);
			dependencies = (
			);
			name = UChef;
			productName = UChef;
			productReference = 2CD931E924C1CF0D003281BE /* UChef.app */;
			productType = "com.apple.product-type.application";
		};
		2CD931FE24C1CF0E003281BE /* UChefTests */ = {
			isa = PBXNativeTarget;
			buildConfigurationList = 2CD9321624C1CF0F003281BE /* Build configuration list for PBXNativeTarget "UChefTests" */;
			buildPhases = (
				50F70689D4E3EDC7889E9E87 /* [CP] Check Pods Manifest.lock */,
				2CD931FB24C1CF0E003281BE /* Sources */,
				2CD931FC24C1CF0E003281BE /* Frameworks */,
				2CD931FD24C1CF0E003281BE /* Resources */,
			);
			buildRules = (
			);
			dependencies = (
				2CD9320124C1CF0E003281BE /* PBXTargetDependency */,
			);
			name = UChefTests;
			productName = UChefTests;
			productReference = 2CD931FF24C1CF0E003281BE /* UChefTests.xctest */;
			productType = "com.apple.product-type.bundle.unit-test";
		};
		2CD9320924C1CF0E003281BE /* UChefUITests */ = {
			isa = PBXNativeTarget;
			buildConfigurationList = 2CD9321924C1CF0F003281BE /* Build configuration list for PBXNativeTarget "UChefUITests" */;
			buildPhases = (
				8CD1F9AD3F82A533CD55AA27 /* [CP] Check Pods Manifest.lock */,
				2CD9320624C1CF0E003281BE /* Sources */,
				2CD9320724C1CF0E003281BE /* Frameworks */,
				2CD9320824C1CF0E003281BE /* Resources */,
				E8E5E9AD451141844E2FAD00 /* [CP] Embed Pods Frameworks */,
			);
			buildRules = (
			);
			dependencies = (
				2CD9320C24C1CF0E003281BE /* PBXTargetDependency */,
			);
			name = UChefUITests;
			productName = UChefUITests;
			productReference = 2CD9320A24C1CF0E003281BE /* UChefUITests.xctest */;
			productType = "com.apple.product-type.bundle.ui-testing";
		};
/* End PBXNativeTarget section */

/* Begin PBXProject section */
		2CD931E124C1CF0D003281BE /* Project object */ = {
			isa = PBXProject;
			attributes = {
				LastSwiftUpdateCheck = 1150;
				LastUpgradeCheck = 1150;
				ORGANIZATIONNAME = "Vicky Liu";
				TargetAttributes = {
					2CD931E824C1CF0D003281BE = {
						CreatedOnToolsVersion = 11.5;
					};
					2CD931FE24C1CF0E003281BE = {
						CreatedOnToolsVersion = 11.5;
						TestTargetID = 2CD931E824C1CF0D003281BE;
					};
					2CD9320924C1CF0E003281BE = {
						CreatedOnToolsVersion = 11.5;
						TestTargetID = 2CD931E824C1CF0D003281BE;
					};
				};
			};
			buildConfigurationList = 2CD931E424C1CF0D003281BE /* Build configuration list for PBXProject "UChef" */;
			compatibilityVersion = "Xcode 9.3";
			developmentRegion = en;
			hasScannedForEncodings = 0;
			knownRegions = (
				en,
				Base,
			);
			mainGroup = 2CD931E024C1CF0D003281BE;
			productRefGroup = 2CD931EA24C1CF0D003281BE /* Products */;
			projectDirPath = "";
			projectRoot = "";
			targets = (
				2CD931E824C1CF0D003281BE /* UChef */,
				2CD931FE24C1CF0E003281BE /* UChefTests */,
				2CD9320924C1CF0E003281BE /* UChefUITests */,
			);
		};
/* End PBXProject section */

/* Begin PBXResourcesBuildPhase section */
		2CD931E724C1CF0D003281BE /* Resources */ = {
			isa = PBXResourcesBuildPhase;
			buildActionMask = 2147483647;
			files = (
				2CD931F924C1CF0E003281BE /* LaunchScreen.storyboard in Resources */,
				2CB91A8124C388530013941D /* GoogleService-Info.plist in Resources */,
				2CD931F624C1CF0E003281BE /* Assets.xcassets in Resources */,
				2C233FC224C4DEB500737E1A /* RecipeTableViewCell.xib in Resources */,
				2CD931F424C1CF0E003281BE /* Main.storyboard in Resources */,
			);
			runOnlyForDeploymentPostprocessing = 0;
		};
		2CD931FD24C1CF0E003281BE /* Resources */ = {
			isa = PBXResourcesBuildPhase;
			buildActionMask = 2147483647;
			files = (
			);
			runOnlyForDeploymentPostprocessing = 0;
		};
		2CD9320824C1CF0E003281BE /* Resources */ = {
			isa = PBXResourcesBuildPhase;
			buildActionMask = 2147483647;
			files = (
			);
			runOnlyForDeploymentPostprocessing = 0;
		};
/* End PBXResourcesBuildPhase section */

/* Begin PBXShellScriptBuildPhase section */
		06AB395047D78D23C207F445 /* [CP] Embed Pods Frameworks */ = {
			isa = PBXShellScriptBuildPhase;
			buildActionMask = 2147483647;
			files = (
			);
			inputFileListPaths = (
				"${PODS_ROOT}/Target Support Files/Pods-UChef/Pods-UChef-frameworks-${CONFIGURATION}-input-files.xcfilelist",
			);
			name = "[CP] Embed Pods Frameworks";
			outputFileListPaths = (
				"${PODS_ROOT}/Target Support Files/Pods-UChef/Pods-UChef-frameworks-${CONFIGURATION}-output-files.xcfilelist",
			);
			runOnlyForDeploymentPostprocessing = 0;
			shellPath = /bin/sh;
			shellScript = "\"${PODS_ROOT}/Target Support Files/Pods-UChef/Pods-UChef-frameworks.sh\"\n";
			showEnvVarsInLog = 0;
		};
		13AACF5D0CE3BD996F6CDE17 /* [CP] Check Pods Manifest.lock */ = {
			isa = PBXShellScriptBuildPhase;
			buildActionMask = 2147483647;
			files = (
			);
			inputFileListPaths = (
			);
			inputPaths = (
				"${PODS_PODFILE_DIR_PATH}/Podfile.lock",
				"${PODS_ROOT}/Manifest.lock",
			);
			name = "[CP] Check Pods Manifest.lock";
			outputFileListPaths = (
			);
			outputPaths = (
				"$(DERIVED_FILE_DIR)/Pods-UChef-checkManifestLockResult.txt",
			);
			runOnlyForDeploymentPostprocessing = 0;
			shellPath = /bin/sh;
			shellScript = "diff \"${PODS_PODFILE_DIR_PATH}/Podfile.lock\" \"${PODS_ROOT}/Manifest.lock\" > /dev/null\nif [ $? != 0 ] ; then\n    # print error to STDERR\n    echo \"error: The sandbox is not in sync with the Podfile.lock. Run 'pod install' or update your CocoaPods installation.\" >&2\n    exit 1\nfi\n# This output is used by Xcode 'outputs' to avoid re-running this script phase.\necho \"SUCCESS\" > \"${SCRIPT_OUTPUT_FILE_0}\"\n";
			showEnvVarsInLog = 0;
		};
		50F70689D4E3EDC7889E9E87 /* [CP] Check Pods Manifest.lock */ = {
			isa = PBXShellScriptBuildPhase;
			buildActionMask = 2147483647;
			files = (
			);
			inputFileListPaths = (
			);
			inputPaths = (
				"${PODS_PODFILE_DIR_PATH}/Podfile.lock",
				"${PODS_ROOT}/Manifest.lock",
			);
			name = "[CP] Check Pods Manifest.lock";
			outputFileListPaths = (
			);
			outputPaths = (
				"$(DERIVED_FILE_DIR)/Pods-UChefTests-checkManifestLockResult.txt",
			);
			runOnlyForDeploymentPostprocessing = 0;
			shellPath = /bin/sh;
			shellScript = "diff \"${PODS_PODFILE_DIR_PATH}/Podfile.lock\" \"${PODS_ROOT}/Manifest.lock\" > /dev/null\nif [ $? != 0 ] ; then\n    # print error to STDERR\n    echo \"error: The sandbox is not in sync with the Podfile.lock. Run 'pod install' or update your CocoaPods installation.\" >&2\n    exit 1\nfi\n# This output is used by Xcode 'outputs' to avoid re-running this script phase.\necho \"SUCCESS\" > \"${SCRIPT_OUTPUT_FILE_0}\"\n";
			showEnvVarsInLog = 0;
		};
		8CD1F9AD3F82A533CD55AA27 /* [CP] Check Pods Manifest.lock */ = {
			isa = PBXShellScriptBuildPhase;
			buildActionMask = 2147483647;
			files = (
			);
			inputFileListPaths = (
			);
			inputPaths = (
				"${PODS_PODFILE_DIR_PATH}/Podfile.lock",
				"${PODS_ROOT}/Manifest.lock",
			);
			name = "[CP] Check Pods Manifest.lock";
			outputFileListPaths = (
			);
			outputPaths = (
				"$(DERIVED_FILE_DIR)/Pods-UChef-UChefUITests-checkManifestLockResult.txt",
			);
			runOnlyForDeploymentPostprocessing = 0;
			shellPath = /bin/sh;
			shellScript = "diff \"${PODS_PODFILE_DIR_PATH}/Podfile.lock\" \"${PODS_ROOT}/Manifest.lock\" > /dev/null\nif [ $? != 0 ] ; then\n    # print error to STDERR\n    echo \"error: The sandbox is not in sync with the Podfile.lock. Run 'pod install' or update your CocoaPods installation.\" >&2\n    exit 1\nfi\n# This output is used by Xcode 'outputs' to avoid re-running this script phase.\necho \"SUCCESS\" > \"${SCRIPT_OUTPUT_FILE_0}\"\n";
			showEnvVarsInLog = 0;
		};
		E8E5E9AD451141844E2FAD00 /* [CP] Embed Pods Frameworks */ = {
			isa = PBXShellScriptBuildPhase;
			buildActionMask = 2147483647;
			files = (
			);
			inputFileListPaths = (
				"${PODS_ROOT}/Target Support Files/Pods-UChef-UChefUITests/Pods-UChef-UChefUITests-frameworks-${CONFIGURATION}-input-files.xcfilelist",
			);
			name = "[CP] Embed Pods Frameworks";
			outputFileListPaths = (
				"${PODS_ROOT}/Target Support Files/Pods-UChef-UChefUITests/Pods-UChef-UChefUITests-frameworks-${CONFIGURATION}-output-files.xcfilelist",
			);
			runOnlyForDeploymentPostprocessing = 0;
			shellPath = /bin/sh;
			shellScript = "\"${PODS_ROOT}/Target Support Files/Pods-UChef-UChefUITests/Pods-UChef-UChefUITests-frameworks.sh\"\n";
			showEnvVarsInLog = 0;
		};
/* End PBXShellScriptBuildPhase section */

/* Begin PBXSourcesBuildPhase section */
		2CD931E524C1CF0D003281BE /* Sources */ = {
			isa = PBXSourcesBuildPhase;
			buildActionMask = 2147483647;
			files = (
				2CEB97E724CA47D2004397B3 /* AddedIngredientViewController.swift in Sources */,
				2CD931F124C1CF0E003281BE /* ViewController.swift in Sources */,
				2C233FC124C4DEB500737E1A /* RecipeTableViewCell.swift in Sources */,
				2C5BCB8124C50240008379EA /* InventoryTableViewController.swift in Sources */,
				2C233FC424C4E45800737E1A /* RecipeTableViewController.swift in Sources */,
				2C0842F024C8C5A600FC5838 /* CuisnePopUpViewController.swift in Sources */,
				2C5BCB8524C51063008379EA /* WebViewController.swift in Sources */,
				2CD931ED24C1CF0D003281BE /* AppDelegate.swift in Sources */,
				2CD931EF24C1CF0E003281BE /* SceneDelegate.swift in Sources */,
				2CD3B29E24C86B2200108845 /* AddedInventoryPopUpView.swift in Sources */,
			);
			runOnlyForDeploymentPostprocessing = 0;
		};
		2CD931FB24C1CF0E003281BE /* Sources */ = {
			isa = PBXSourcesBuildPhase;
			buildActionMask = 2147483647;
			files = (
				2CD9320424C1CF0E003281BE /* UChefTests.swift in Sources */,
			);
			runOnlyForDeploymentPostprocessing = 0;
		};
		2CD9320624C1CF0E003281BE /* Sources */ = {
			isa = PBXSourcesBuildPhase;
			buildActionMask = 2147483647;
			files = (
				2CD9320F24C1CF0E003281BE /* UChefUITests.swift in Sources */,
			);
			runOnlyForDeploymentPostprocessing = 0;
		};
/* End PBXSourcesBuildPhase section */

/* Begin PBXTargetDependency section */
		2CD9320124C1CF0E003281BE /* PBXTargetDependency */ = {
			isa = PBXTargetDependency;
			target = 2CD931E824C1CF0D003281BE /* UChef */;
			targetProxy = 2CD9320024C1CF0E003281BE /* PBXContainerItemProxy */;
		};
		2CD9320C24C1CF0E003281BE /* PBXTargetDependency */ = {
			isa = PBXTargetDependency;
			target = 2CD931E824C1CF0D003281BE /* UChef */;
			targetProxy = 2CD9320B24C1CF0E003281BE /* PBXContainerItemProxy */;
		};
/* End PBXTargetDependency section */

/* Begin PBXVariantGroup section */
		2CD931F224C1CF0E003281BE /* Main.storyboard */ = {
			isa = PBXVariantGroup;
			children = (
				2CD931F324C1CF0E003281BE /* Base */,
			);
			name = Main.storyboard;
			sourceTree = "<group>";
		};
		2CD931F724C1CF0E003281BE /* LaunchScreen.storyboard */ = {
			isa = PBXVariantGroup;
			children = (
				2CD931F824C1CF0E003281BE /* Base */,
			);
			name = LaunchScreen.storyboard;
			sourceTree = "<group>";
		};
/* End PBXVariantGroup section */

/* Begin XCBuildConfiguration section */
		2CD9321124C1CF0F003281BE /* Debug */ = {
			isa = XCBuildConfiguration;
			buildSettings = {
				ALWAYS_SEARCH_USER_PATHS = NO;
				CLANG_ANALYZER_NONNULL = YES;
				CLANG_ANALYZER_NUMBER_OBJECT_CONVERSION = YES_AGGRESSIVE;
				CLANG_CXX_LANGUAGE_STANDARD = "gnu++14";
				CLANG_CXX_LIBRARY = "libc++";
				CLANG_ENABLE_MODULES = YES;
				CLANG_ENABLE_OBJC_ARC = YES;
				CLANG_ENABLE_OBJC_WEAK = YES;
				CLANG_WARN_BLOCK_CAPTURE_AUTORELEASING = YES;
				CLANG_WARN_BOOL_CONVERSION = YES;
				CLANG_WARN_COMMA = YES;
				CLANG_WARN_CONSTANT_CONVERSION = YES;
				CLANG_WARN_DEPRECATED_OBJC_IMPLEMENTATIONS = YES;
				CLANG_WARN_DIRECT_OBJC_ISA_USAGE = YES_ERROR;
				CLANG_WARN_DOCUMENTATION_COMMENTS = YES;
				CLANG_WARN_EMPTY_BODY = YES;
				CLANG_WARN_ENUM_CONVERSION = YES;
				CLANG_WARN_INFINITE_RECURSION = YES;
				CLANG_WARN_INT_CONVERSION = YES;
				CLANG_WARN_NON_LITERAL_NULL_CONVERSION = YES;
				CLANG_WARN_OBJC_IMPLICIT_RETAIN_SELF = YES;
				CLANG_WARN_OBJC_LITERAL_CONVERSION = YES;
				CLANG_WARN_OBJC_ROOT_CLASS = YES_ERROR;
				CLANG_WARN_RANGE_LOOP_ANALYSIS = YES;
				CLANG_WARN_STRICT_PROTOTYPES = YES;
				CLANG_WARN_SUSPICIOUS_MOVE = YES;
				CLANG_WARN_UNGUARDED_AVAILABILITY = YES_AGGRESSIVE;
				CLANG_WARN_UNREACHABLE_CODE = YES;
				CLANG_WARN__DUPLICATE_METHOD_MATCH = YES;
				COPY_PHASE_STRIP = NO;
				DEBUG_INFORMATION_FORMAT = dwarf;
				ENABLE_STRICT_OBJC_MSGSEND = YES;
				ENABLE_TESTABILITY = YES;
				GCC_C_LANGUAGE_STANDARD = gnu11;
				GCC_DYNAMIC_NO_PIC = NO;
				GCC_NO_COMMON_BLOCKS = YES;
				GCC_OPTIMIZATION_LEVEL = 0;
				GCC_PREPROCESSOR_DEFINITIONS = (
					"DEBUG=1",
					"$(inherited)",
				);
				GCC_WARN_64_TO_32_BIT_CONVERSION = YES;
				GCC_WARN_ABOUT_RETURN_TYPE = YES_ERROR;
				GCC_WARN_UNDECLARED_SELECTOR = YES;
				GCC_WARN_UNINITIALIZED_AUTOS = YES_AGGRESSIVE;
				GCC_WARN_UNUSED_FUNCTION = YES;
				GCC_WARN_UNUSED_VARIABLE = YES;
				IPHONEOS_DEPLOYMENT_TARGET = 13.5;
				MTL_ENABLE_DEBUG_INFO = INCLUDE_SOURCE;
				MTL_FAST_MATH = YES;
				ONLY_ACTIVE_ARCH = YES;
				SDKROOT = iphoneos;
				SWIFT_ACTIVE_COMPILATION_CONDITIONS = DEBUG;
				SWIFT_OPTIMIZATION_LEVEL = "-Onone";
			};
			name = Debug;
		};
		2CD9321224C1CF0F003281BE /* Release */ = {
			isa = XCBuildConfiguration;
			buildSettings = {
				ALWAYS_SEARCH_USER_PATHS = NO;
				CLANG_ANALYZER_NONNULL = YES;
				CLANG_ANALYZER_NUMBER_OBJECT_CONVERSION = YES_AGGRESSIVE;
				CLANG_CXX_LANGUAGE_STANDARD = "gnu++14";
				CLANG_CXX_LIBRARY = "libc++";
				CLANG_ENABLE_MODULES = YES;
				CLANG_ENABLE_OBJC_ARC = YES;
				CLANG_ENABLE_OBJC_WEAK = YES;
				CLANG_WARN_BLOCK_CAPTURE_AUTORELEASING = YES;
				CLANG_WARN_BOOL_CONVERSION = YES;
				CLANG_WARN_COMMA = YES;
				CLANG_WARN_CONSTANT_CONVERSION = YES;
				CLANG_WARN_DEPRECATED_OBJC_IMPLEMENTATIONS = YES;
				CLANG_WARN_DIRECT_OBJC_ISA_USAGE = YES_ERROR;
				CLANG_WARN_DOCUMENTATION_COMMENTS = YES;
				CLANG_WARN_EMPTY_BODY = YES;
				CLANG_WARN_ENUM_CONVERSION = YES;
				CLANG_WARN_INFINITE_RECURSION = YES;
				CLANG_WARN_INT_CONVERSION = YES;
				CLANG_WARN_NON_LITERAL_NULL_CONVERSION = YES;
				CLANG_WARN_OBJC_IMPLICIT_RETAIN_SELF = YES;
				CLANG_WARN_OBJC_LITERAL_CONVERSION = YES;
				CLANG_WARN_OBJC_ROOT_CLASS = YES_ERROR;
				CLANG_WARN_RANGE_LOOP_ANALYSIS = YES;
				CLANG_WARN_STRICT_PROTOTYPES = YES;
				CLANG_WARN_SUSPICIOUS_MOVE = YES;
				CLANG_WARN_UNGUARDED_AVAILABILITY = YES_AGGRESSIVE;
				CLANG_WARN_UNREACHABLE_CODE = YES;
				CLANG_WARN__DUPLICATE_METHOD_MATCH = YES;
				COPY_PHASE_STRIP = NO;
				DEBUG_INFORMATION_FORMAT = "dwarf-with-dsym";
				ENABLE_NS_ASSERTIONS = NO;
				ENABLE_STRICT_OBJC_MSGSEND = YES;
				GCC_C_LANGUAGE_STANDARD = gnu11;
				GCC_NO_COMMON_BLOCKS = YES;
				GCC_WARN_64_TO_32_BIT_CONVERSION = YES;
				GCC_WARN_ABOUT_RETURN_TYPE = YES_ERROR;
				GCC_WARN_UNDECLARED_SELECTOR = YES;
				GCC_WARN_UNINITIALIZED_AUTOS = YES_AGGRESSIVE;
				GCC_WARN_UNUSED_FUNCTION = YES;
				GCC_WARN_UNUSED_VARIABLE = YES;
				IPHONEOS_DEPLOYMENT_TARGET = 13.5;
				MTL_ENABLE_DEBUG_INFO = NO;
				MTL_FAST_MATH = YES;
				SDKROOT = iphoneos;
				SWIFT_COMPILATION_MODE = wholemodule;
				SWIFT_OPTIMIZATION_LEVEL = "-O";
				VALIDATE_PRODUCT = YES;
			};
			name = Release;
		};
		2CD9321424C1CF0F003281BE /* Debug */ = {
			isa = XCBuildConfiguration;
			baseConfigurationReference = 086467FBC1E303455CD9FC3D /* Pods-UChef.debug.xcconfig */;
			buildSettings = {
				ASSETCATALOG_COMPILER_APPICON_NAME = AppIcon;
				CODE_SIGN_STYLE = Automatic;
				DEVELOPMENT_TEAM = TD2HMKDVP3;
				INFOPLIST_FILE = UChef/Info.plist;
				LD_RUNPATH_SEARCH_PATHS = (
					"$(inherited)",
					"@executable_path/Frameworks",
				);
				PRODUCT_BUNDLE_IDENTIFIER = com.vickyliu.UChef;
				PRODUCT_NAME = "$(TARGET_NAME)";
				SWIFT_VERSION = 5.0;
				TARGETED_DEVICE_FAMILY = "1,2";
			};
			name = Debug;
		};
		2CD9321524C1CF0F003281BE /* Release */ = {
			isa = XCBuildConfiguration;
			baseConfigurationReference = E903044CB96147A3312A9720 /* Pods-UChef.release.xcconfig */;
			buildSettings = {
				ASSETCATALOG_COMPILER_APPICON_NAME = AppIcon;
				CODE_SIGN_STYLE = Automatic;
				DEVELOPMENT_TEAM = TD2HMKDVP3;
				INFOPLIST_FILE = UChef/Info.plist;
				LD_RUNPATH_SEARCH_PATHS = (
					"$(inherited)",
					"@executable_path/Frameworks",
				);
				PRODUCT_BUNDLE_IDENTIFIER = com.vickyliu.UChef;
				PRODUCT_NAME = "$(TARGET_NAME)";
				SWIFT_VERSION = 5.0;
				TARGETED_DEVICE_FAMILY = "1,2";
			};
			name = Release;
		};
		2CD9321724C1CF0F003281BE /* Debug */ = {
			isa = XCBuildConfiguration;
			baseConfigurationReference = B34E2E1D0BCEBEF0ADE0B98A /* Pods-UChefTests.debug.xcconfig */;
			buildSettings = {
				ALWAYS_EMBED_SWIFT_STANDARD_LIBRARIES = YES;
				BUNDLE_LOADER = "$(TEST_HOST)";
				CODE_SIGN_STYLE = Automatic;
				DEVELOPMENT_TEAM = G4RL5TNU57;
				INFOPLIST_FILE = UChefTests/Info.plist;
				IPHONEOS_DEPLOYMENT_TARGET = 13.5;
				LD_RUNPATH_SEARCH_PATHS = (
					"$(inherited)",
					"@executable_path/Frameworks",
					"@loader_path/Frameworks",
				);
				PRODUCT_BUNDLE_IDENTIFIER = com.vickyliu.UChefTests;
				PRODUCT_NAME = "$(TARGET_NAME)";
				SWIFT_VERSION = 5.0;
				TARGETED_DEVICE_FAMILY = "1,2";
				TEST_HOST = "$(BUILT_PRODUCTS_DIR)/UChef.app/UChef";
			};
			name = Debug;
		};
		2CD9321824C1CF0F003281BE /* Release */ = {
			isa = XCBuildConfiguration;
			baseConfigurationReference = 46CBCB5F28FC9F93DC743777 /* Pods-UChefTests.release.xcconfig */;
			buildSettings = {
				ALWAYS_EMBED_SWIFT_STANDARD_LIBRARIES = YES;
				BUNDLE_LOADER = "$(TEST_HOST)";
				CODE_SIGN_STYLE = Automatic;
				DEVELOPMENT_TEAM = G4RL5TNU57;
				INFOPLIST_FILE = UChefTests/Info.plist;
				IPHONEOS_DEPLOYMENT_TARGET = 13.5;
				LD_RUNPATH_SEARCH_PATHS = (
					"$(inherited)",
					"@executable_path/Frameworks",
					"@loader_path/Frameworks",
				);
				PRODUCT_BUNDLE_IDENTIFIER = com.vickyliu.UChefTests;
				PRODUCT_NAME = "$(TARGET_NAME)";
				SWIFT_VERSION = 5.0;
				TARGETED_DEVICE_FAMILY = "1,2";
				TEST_HOST = "$(BUILT_PRODUCTS_DIR)/UChef.app/UChef";
			};
			name = Release;
		};
		2CD9321A24C1CF0F003281BE /* Debug */ = {
			isa = XCBuildConfiguration;
			baseConfigurationReference = A110458F24FECA5590C88C25 /* Pods-UChef-UChefUITests.debug.xcconfig */;
			buildSettings = {
				ALWAYS_EMBED_SWIFT_STANDARD_LIBRARIES = YES;
				CODE_SIGN_STYLE = Automatic;
				DEVELOPMENT_TEAM = G4RL5TNU57;
				INFOPLIST_FILE = UChefUITests/Info.plist;
				LD_RUNPATH_SEARCH_PATHS = (
					"$(inherited)",
					"@executable_path/Frameworks",
					"@loader_path/Frameworks",
				);
				PRODUCT_BUNDLE_IDENTIFIER = com.vickyliu.UChefUITests;
				PRODUCT_NAME = "$(TARGET_NAME)";
				SWIFT_VERSION = 5.0;
				TARGETED_DEVICE_FAMILY = "1,2";
				TEST_TARGET_NAME = UChef;
			};
			name = Debug;
		};
		2CD9321B24C1CF0F003281BE /* Release */ = {
			isa = XCBuildConfiguration;
			baseConfigurationReference = 06783D0C3497E21CFEBB0E40 /* Pods-UChef-UChefUITests.release.xcconfig */;
			buildSettings = {
				ALWAYS_EMBED_SWIFT_STANDARD_LIBRARIES = YES;
				CODE_SIGN_STYLE = Automatic;
				DEVELOPMENT_TEAM = G4RL5TNU57;
				INFOPLIST_FILE = UChefUITests/Info.plist;
				LD_RUNPATH_SEARCH_PATHS = (
					"$(inherited)",
					"@executable_path/Frameworks",
					"@loader_path/Frameworks",
				);
				PRODUCT_BUNDLE_IDENTIFIER = com.vickyliu.UChefUITests;
				PRODUCT_NAME = "$(TARGET_NAME)";
				SWIFT_VERSION = 5.0;
				TARGETED_DEVICE_FAMILY = "1,2";
				TEST_TARGET_NAME = UChef;
			};
			name = Release;
		};
/* End XCBuildConfiguration section */

/* Begin XCConfigurationList section */
		2CD931E424C1CF0D003281BE /* Build configuration list for PBXProject "UChef" */ = {
			isa = XCConfigurationList;
			buildConfigurations = (
				2CD9321124C1CF0F003281BE /* Debug */,
				2CD9321224C1CF0F003281BE /* Release */,
			);
			defaultConfigurationIsVisible = 0;
			defaultConfigurationName = Release;
		};
		2CD9321324C1CF0F003281BE /* Build configuration list for PBXNativeTarget "UChef" */ = {
			isa = XCConfigurationList;
			buildConfigurations = (
				2CD9321424C1CF0F003281BE /* Debug */,
				2CD9321524C1CF0F003281BE /* Release */,
			);
			defaultConfigurationIsVisible = 0;
			defaultConfigurationName = Release;
		};
		2CD9321624C1CF0F003281BE /* Build configuration list for PBXNativeTarget "UChefTests" */ = {
			isa = XCConfigurationList;
			buildConfigurations = (
				2CD9321724C1CF0F003281BE /* Debug */,
				2CD9321824C1CF0F003281BE /* Release */,
			);
			defaultConfigurationIsVisible = 0;
			defaultConfigurationName = Release;
		};
		2CD9321924C1CF0F003281BE /* Build configuration list for PBXNativeTarget "UChefUITests" */ = {
			isa = XCConfigurationList;
			buildConfigurations = (
				2CD9321A24C1CF0F003281BE /* Debug */,
				2CD9321B24C1CF0F003281BE /* Release */,
			);
			defaultConfigurationIsVisible = 0;
			defaultConfigurationName = Release;
		};
/* End XCConfigurationList section */
	};
	rootObject = 2CD931E124C1CF0D003281BE /* Project object */;
}
